{
  "name": "simple-stream",
  "version": "1.0.0",
  "lockfileVersion": 3,
  "requires": true,
  "packages": {
    "": {
      "name": "simple-stream",
      "version": "1.0.0",
      "license": "ISC",
      "dependencies": {
        "vintage-streams": "^1.0.3"
      }
    },
    "node_modules/inherits": {
      "version": "2.0.4",
      "resolved": "https://registry.npmjs.org/inherits/-/inherits-2.0.4.tgz",
      "integrity": "sha512-k/vGaX4/Yla3WzyMCvTQOXYeIHvqOKtnqBduzTHpzpQZzAskKMhZ2K+EnBiSM9zGSoIFeMpXKxa4dYeZIQqewQ=="
    },
    "node_modules/vintage-streams": {
      "version": "1.0.3",
      "resolved": "https://registry.npmjs.org/vintage-streams/-/vintage-streams-1.0.3.tgz",
      "integrity": "sha512-e/aR+CFHKpHo20UheI7g36vHpgZWtGstHSey/kC/2zkTq1fhKpgcmsOUoNmsX5OOxX+afsL0eoOmy37AQMng8w==",
      "dependencies": {
        "inherits": "^2.0.1"
      }
    }
  }
}
